
Microsoft Visual Studio Solution File, Format Version 12.00
# Visual Studio 15
VisualStudioVersion = 15.0.28010.2016
MinimumVisualStudioVersion = 10.0.40219.1
Project("{FAE04EC0-301F-11D3-BF4B-00C04F79EFBC}") = "DocumentValidations", "DocumentValidations\DocumentValidations.csproj", "{0EA7B97F-6CD4-4880-83EE-C7D01B5ADF81}"
EndProject
Global
	GlobalSection(SolutionConfigurationPlatforms) = preSolution
		Debug|Any CPU = Debug|Any CPU
		Release|Any CPU = Release|Any CPU
	EndGlobalSection
	GlobalSection(ProjectConfigurationPlatforms) = postSolution
		{0EA7B97F-6CD4-4880-83EE-C7D01B5ADF81}.Debug|Any CPU.ActiveCfg = Debug|Any CPU
		{0EA7B97F-6CD4-4880-83EE-C7D01B5ADF81}.Debug|Any CPU.Build.0 = Debug|Any CPU
		{0EA7B97F-6CD4-4880-83EE-C7D01B5ADF81}.Release|Any CPU.ActiveCfg = Release|Any CPU
		{0EA7B97F-6CD4-4880-83EE-C7D01B5ADF81}.Release|Any CPU.Build.0 = Release|Any CPU
	EndGlobalSection
	GlobalSection(SolutionProperties) = preSolution
		HideSolutionNode = FALSE
	EndGlobalSection
	GlobalSection(ExtensibilityGlobals) = postSolution
		SolutionGuid = {44272970-EED0-4B54-9D9D-2BE0217F0D93}
	EndGlobalSection
EndGlobal
